version = 1
revision = 3
requires-python = ">=3.12"

[[package]]
name = "anyio"
version = "4.14.2"
source = { registry = "https://pypi.org/simple" }
dependencies = [
    { name = "idna" },
    { name = "typing-extensions", marker = "python_full_version < '3.13'" },
]
sdist = { url = "https://files.pythonhosted.org/packages/61/cc/a381afa6efea9f496eff839d4a6a1aed3bfafc7b3ab4b0d1b243a12573dd/anyio-4.14.2.tar.gz", hash = "sha256:cfa139f3ed1a23ee8f88a145ddb5ac7605b8bbfd8592baacd7ce3d8bb4313c7f", size = 260176, upload-time = "2026-07-12T20:29:07.082Z" }
wheels = [
    { url = "https://files.pythonhosted.org/packages/da/35/f2287558c17e29fafc8ef3daf819bb9834061cfa43bff8014f7df7f63bdc/anyio-4.14.2-py3-none-any.whl", hash = "sha256:9f505dda5ac9f0c8309b5e8bd445a8c2bf7246f3ce950121e45ea15bc41d1494", size = 125813, upload-time = "2026-07-12T20:29:05.763Z" },
]

[[package]]
name = "bidict"
version = "0.23.1"
source = { registry = "https://pypi.org/simple" }
sdist = { url = "https://files.pythonhosted.org/packages/9a/6e/026678aa5a830e07cd9498a05d3e7e650a4f56a42f267a53d22bcda1bdc9/bidict-0.23.1.tar.gz", hash = "sha256:03069d763bc387bbd20e7d49914e75fc4132a41937fa3405417e1a5a2d006d71", size = 29093, upload-time = "2024-02-18T19:09:05.748Z" }
wheels = [
    { url = "https://files.pythonhosted.org/packages/99/37/e8730c3587a65eb5645d4aba2d27aae48e8003614d6aaf15dda67f702f1f/bidict-0.23.1-py3-none-any.whl", hash = "sha256:5dae8d4d79b552a71cbabc7deb25dfe8ce710b17ff41711e13010ead2abfc3e5", size = 32764, upload-time = "2024-02-18T19:09:04.156Z" },
]

[[package]]
name = "certifi"
version = "2026.6.17"
source = { registry = "https://pypi.org/simple" }
sdist = { url = "https://files.pythonhosted.org/packages/c9/c7/424b75da314c1045981bd9777432fad05a9e0c69daa4ed7e308bbaffe405/certifi-2026.6.17.tar.gz", hash = "sha256:024c88eeec92ca068db80f02b8b07c9cef7b9fe261d1d535abfd5abd6f6af432", size = 134594, upload-time = "2026-06-17T10:31:07.894Z" }
wheels = [
    { url = "https://files.pythonhosted.org/packages/ef/2f/c5464532e965badff2f4c4c1a3a83f5697f0d7c407ed0cda44aaa99bb451/certifi-2026.6.17-py3-none-any.whl", hash = "sha256:2227dcbaafe0d2f59279d1762ddddc37783ed4354594f194ffc31d20f41fc3db", size = 133289, upload-time = "2026-06-17T10:31:06.348Z" },
]

[[package]]
name = "dbus-fast"
version = "5.0.22"
source = { registry = "https://pypi.org/simple" }
sdist = { url = "https://files.pythonhosted.org/packages/aa/db/b621610e50b1bc46ff63534d75239553c1bf33256de6096b58214fd9808a/dbus_fast-5.0.22.tar.gz", hash = "sha256:34dc67d7d21a12399828dd13e63b352750580beea54ea7c729e708f2d2905fef", size = 83224, upload-time = "2026-06-05T18:47:59.171Z" }
wheels = [
    { url = "https://files.pythonhosted.org/packages/24/06/233b0bc13919474f70320bf389cb81ce02811956d6cf86c45e84679b63c3/dbus_fast-5.0.22-cp312-cp312-manylinux2014_aarch64.manylinux_2_17_aarch64.manylinux_2_28_aarch64.whl", hash = "sha256:8f0bcad7f71d2304a68a5b0bc0d24c3fcc14710a2ffcf5f2a27521e3aece71ca", size = 799464, upload-time = "2026-06-05T18:56:02.617Z" },
    { url = "https://files.pythonhosted.org/packages/68/e9/77bc23a6f5aebfb8f2c34489795e8517aed7eca31738438e1a4c4a4891d3/dbus_fast-5.0.22-cp312-cp312-manylinux2014_x86_64.manylinux_2_17_x86_64.manylinux_2_28_x86_64.whl", hash = "sha256:4ffcf16034f71a801bd2108aeffb6337d104c9459e8b1a218d16a917c8a2d2e9", size = 852687, upload-time = "2026-06-05T18:56:04.433Z" },
    { url = "https://files.pythonhosted.org/packages/ae/04/56769d0936d1273d1801ef574ec426ccb3f61f4b0a7a0eeb9eb2b8ccafa5/dbus_fast-5.0.22-cp312-cp312-manylinux_2_31_riscv64.manylinux_2_39_riscv64.whl", hash = "sha256:98de6d2c200d8182e1fd0bdde3206fa556b8fa14ebb752a044cd8daa87b4658c", size = 833814, upload-time = "2026-06-05T18:56:05.87Z" },
    { url = "https://files.pythonhosted.org/packages/06/ca/964f0d39a3be03b12a98f39519d34ad95b74360c7e3adf4cd4907dc25fd6/dbus_fast-5.0.22-cp312-cp312-musllinux_1_2_aarch64.whl", hash = "sha256:b013437b66dc22b8d9aca5e0b0d46bf1980208a143409469fe482d9684a2a717", size = 806891, upload-time = "2026-06-05T18:56:07.623Z" },
    { url = "https://files.pythonhosted.org/packages/f4/25/57fe6ab509ad9da2e190498fa9c37f868e38ac521d940a9edb9ba6b6c657/dbus_fast-5.0.22-cp312-cp312-musllinux_1_2_riscv64.whl", hash = "sha256:855f15b7f7805171da2b82de1c317d01cfbb9fb8ac61fcc1e8dec54d8c69fab7", size = 830867, upload-time = "2026-06-05T18:56:09.473Z" },
    { url = "https://files.pythonhosted.org/packages/be/2b/da036e9f4aeb776833139575fe0774544aa6cd13ba997eea7fbc4ab99852/dbus_fast-5.0.22-cp312-cp312-musllinux_1_2_x86_64.whl", hash = "sha256:7d1c42963235cfc015a2d2b8c5fe42b65387493b4ad4ce0ec122601c805e6742", size = 860651, upload-time = "2026-06-05T18:56:10.952Z" },
    { url = "https://files.pythonhosted.org/packages/76/5a/fa81a6685c763ea488ad93228cb6e036adc9af6a560f4c31643691f4cfd8/dbus_fast-5.0.22-cp313-cp313-manylinux2014_aarch64.manylinux_2_17_aarch64.manylinux_2_28_aarch64.whl", hash = "sha256:de10ff3b3cb2acb1c09fe17158a470519000d37bb5ee5fd69c4075e81ce8dcf5", size = 798472, upload-time = "2026-06-05T18:56:14.141Z" },
    { url = "https://files.pythonhosted.org/packages/6a/34/6b272e6df60be1aa4d575aa30220175a52c002a649c951d9950bfa3a72d6/dbus_fast-5.0.22-cp313-cp313-manylinux2014_x86_64.manylinux_2_17_x86_64.manylinux_2_28_x86_64.whl", hash = "sha256:979761985fe343c701f2b7575285d6e370123f7231d4656209ef7824bb686bbb", size = 850312, upload-time = "2026-06-05T18:56:16.36Z" },
    { url = "https://files.pythonhosted.org/packages/d8/5c/9045c3595ddcd4069e6b5d051df06bf11a2b022592f721c9acea1e0e4d22/dbus_fast-5.0.22-cp313-cp313-manylinux_2_31_riscv64.manylinux_2_39_riscv64.whl", hash = "sha256:fb73f1d8374253b7c17d69e902cf2ded1bfb089cb6ae67c10b4e0bdfe1b8fe08", size = 828366, upload-time = "2026-06-05T18:56:17.786Z" },
    { url = "https://files.pythonhosted.org/packages/a7/78/ca6881442b8fa29edbe6d99bec4b535b0b2e2f423075d015ff5b719c4e2c/dbus_fast-5.0.22-cp313-cp313-musllinux_1_2_aarch64.whl", hash = "sha256:b67a02037eb58bcf9e445df60ea0d9d7346fd334abde3aa62e03c75823b53979", size = 806036, upload-time = "2026-06-05T18:56:19.501Z" },
    { url = "https://files.pythonhosted.org/packages/9e/c6/458728eb1caa26171e6a8ae1d0d99bd29aaeac67ad7824bbd95d7f854a41/dbus_fast-5.0.22-cp313-cp313-musllinux_1_2_riscv64.whl", hash = "sha256:83940ea00d7ee2f0c5bcb5d19d7d05e7949e52d467616a0b735d72e7285402ec", size = 828353, upload-time = "2026-06-05T18:56:21.346Z" },
    { url = "https://files.pythonhosted.org/packages/ea/1d/830b1569264780210d44898e5b0d95cffe2830b952c2ee21ea481274cd81/dbus_fast-5.0.22-cp313-cp313-musllinux_1_2_x86_64.whl", hash = "sha256:279d212e9fb262d595af2e4b5b9e951bc00c73a5c8eeb50f158caa13705b9c84", size = 857743, upload-time = "2026-06-05T18:56:22.9Z" },
    { url = "https://files.pythonhosted.org/packages/b3/8c/4eefaabdf538882528164060ae83d9a34f1172b019c32c3254436834e9b1/dbus_fast-5.0.22-cp314-cp314-manylinux2014_aarch64.manylinux_2_17_aarch64.manylinux_2_28_aarch64.whl", hash = "sha256:703e0f8f9af52e8e053394ee2b578042be0c3d8ea2b1488f9db8cb14393cc13f", size = 810835, upload-time = "2026-06-05T18:56:26.356Z" },
    { url = "https://files.pythonhosted.org/packages/f5/cf/fd327dbb40ee67a9331fb587bf78aff2ab1500b35979978a5cacb10d7f8c/dbus_fast-5.0.22-cp314-cp314-manylinux2014_x86_64.manylinux_2_17_x86_64.manylinux_2_28_x86_64.whl", hash = "sha256:eb1d7e8e65561d0fd438004fd9e0f981c8a862912fed58dd4e29db1936c39d73", size = 855498, upload-time = "2026-06-05T18:56:28.009Z" },
    { url = "https://files.pythonhosted.org/packages/56/33/1709ebc16a4d353ddc4fcd29252e2b9d93bded6422a45fd6df170e0911c1/dbus_fast-5.0.22-cp314-cp314-manylinux_2_31_riscv64.manylinux_2_39_riscv64.whl", hash = "sha256:959fab6420897ab99410e67d6f9f9a7f6f4cedb6014700768f5e2d71dbff5dc6", size = 833510, upload-time = "2026-06-05T18:56:29.806Z" },
    { url = "https://files.pythonhosted.org/packages/b0/fd/89d7c34152900d986b9c78e39cc62aa73eefc22b57b3a8c946d945a85540/dbus_fast-5.0.22-cp314-cp314-manylinux_2_41_x86_64.whl", hash = "sha256:eb31c5ff339a7071b914617a69d5b7c6ba7d411da4b01a5f9b5b2fe51e9d1301", size = 853669, upload-time = "2026-06-05T18:47:56.747Z" },
    { url = "https://files.pythonhosted.org/packages/a6/a1/031cc4a89d947f1fe110f663f93dcce9230213b7accaf719790d813def04/dbus_fast-5.0.22-cp314-cp314-musllinux_1_2_aarch64.whl", hash = "sha256:856f0543c593f3480e93e67bcd1aa4ddc1d94a6076cfd3ad4e0f5e2b01b33dc3", size = 818486, upload-time = "2026-06-05T18:56:31.72Z" },
    { url = "https://files.pythonhosted.org/packages/36/e2/de8b764fdb947314fb8c2e079b556510194fd100983776845e234a107cc9/dbus_fast-5.0.22-cp314-cp314-musllinux_1_2_riscv64.whl", hash = "sha256:96d231d128c1f46f263790335897195dde9dac2f38571782db8ae1d8647bd548", size = 833582, upload-time = "2026-06-05T18:56:33.325Z" },
    { url = "https://files.pythonhosted.org/packages/b0/1f/e5f0dd28d07c4b3f7bafd3357bfa424c8dace355a3dad921fec05db4634b/dbus_fast-5.0.22-cp314-cp314-musllinux_1_2_x86_64.whl", hash = "sha256:595bd3ccfd8318cbafff79f33a15709fee3728724fd61d5fa220080d73b574cb", size = 862291, upload-time = "2026-06-05T18:56:35.102Z" },
    { url = "https://files.pythonhosted.org/packages/26/69/5b54654f598ef98e8f94fd5a40929668b1f8fcd76e7fb50de0db73d329da/dbus_fast-5.0.22-cp314-cp314t-manylinux2014_aarch64.manylinux_2_17_aarch64.manylinux_2_28_aarch64.whl", hash = "sha256:04bac97d0cb754a4d13037d0132517f1df28192d6e0568a0bf6df06623062285", size = 1534804, upload-time = "2026-06-05T18:56:38.804Z" },
    { url = "https://files.pythonhosted.org/packages/24/b7/c00d01699dc87ffc35f143226d3b296372840e2e2bc15101d35df7c74949/dbus_fast-5.0.22-cp314-cp314t-manylinux2014_x86_64.manylinux_2_17_x86_64.manylinux_2_28_x86_64.whl", hash = "sha256:3eb57d592d84b0bb90e0c077db7ecb61562f49cc9b86a3ef08cbe17243e9cc4f", size = 1613316, upload-time = "2026-06-05T18:56:40.461Z" },
    { url = "https://files.pythonhosted.org/packages/f3/94/ea0db4c1aa6409cb16551b50aa8573e72f64407ca5281b042919ef81ca1c/dbus_fast-5.0.22-cp314-cp314t-manylinux_2_31_riscv64.manylinux_2_39_riscv64.whl", hash = "sha256:de4d235d1282ebb3ab65b6cddab84e914c045d92ceb381ddcbdbaf66bf1fb132", size = 822053, upload-time = "2026-06-05T18:56:42.519Z" },
    { url = "https://files.pythonhosted.org/packages/40/e4/a3bb52185b8a8c76bd8aaba3ff4fa8395eea19fbc142122b43dc377b275c/dbus_fast-5.0.22-cp314-cp314t-musllinux_1_2_aarch64.whl", hash = "sha256:048f34299fbe82d7b87c56f47e8bd83f62339a4517685abc6671d603a55d2c89", size = 1549996, upload-time = "2026-06-05T18:56:44.307Z" },
    { url = "https://files.pythonhosted.org/packages/37/2b/6e405ba92e87d78a689a387809d975f97f8c8748b98efccfacd2b4e1d9f5/dbus_fast-5.0.22-cp314-cp314t-musllinux_1_2_riscv64.whl", hash = "sha256:92df9fb6d8adeb17b534621c2ee730295bbe1d0c2584d5c82b1db478e3f04e8f", size = 823004, upload-time = "2026-06-05T18:56:46.023Z" },
    { url = "https://files.pythonhosted.org/packages/b8/8f/77135ab8d690030cdb0ebeca879640b5945c4cbf5344ecbc507b4628da24/dbus_fast-5.0.22-cp314-cp314t-musllinux_1_2_x86_64.whl", hash = "sha256:7be4271e38251f1ad726962dec60da887c8ed352d157352e4fc27f56aece5c5d", size = 1629160, upload-time = "2026-06-05T18:56:47.688Z" },
]

[[package]]
name = "desktop-notifier"
version = "6.2.0"
source = { registry = "https://pypi.org/simple" }
dependencies = [
    { name = "bidict" },
    { name = "dbus-fast", marker = "sys_platform == 'linux'" },
    { name = "packaging" },
    { name = "rubicon-objc", marker = "sys_platform == 'darwin'" },
    { name = "typing-extensions" },
    { name = "winrt-runtime", marker = "sys_platform == 'win32'" },
    { name = "winrt-windows-applicationmodel-core", marker = "sys_platform == 'win32'" },
    { name = "winrt-windows-data-xml-dom", marker = "sys_platform == 'win32'" },
    { name = "winrt-windows-foundation", marker = "sys_platform == 'win32'" },
    { name = "winrt-windows-foundation-collections", marker = "sys_platform == 'win32'" },
    { name = "winrt-windows-ui-notifications", marker = "sys_platform == 'win32'" },
]
sdist = { url = "https://files.pythonhosted.org/packages/41/df/67c6ff92d870881b5a6e073773a209eeb2e263a15cd112ddddff5c14abe8/desktop_notifier-6.2.0.tar.gz", hash = "sha256:528167b691ce40031fa92f67c9f452b7be29846613e19d11ec0c49cb5242d338", size = 34487, upload-time = "2025-08-08T18:14:50.801Z" }
wheels = [
    { url = "https://files.pythonhosted.org/packages/91/36/b32a806dbb7bce308fecc977220c03ca7990831491bebc582b02619ff980/desktop_notifier-6.2.0-py3-none-any.whl", hash = "sha256:193b0885e694a99ae22f72234c91afbac633074295b44183bf9716dd4077b8f3", size = 34406, upload-time = "2025-08-08T18:14:49.497Z" },
]

[[package]]
name = "gh-notify"
version = "0.1.0"
source = { editable = "." }
dependencies = [
    { name = "desktop-notifier" },
    { name = "httpx" },
    { name = "pyqt6" },
]

[package.metadata]
requires-dist = [
    { name = "desktop-notifier", specifier = ">=6.0.0" },
    { name = "httpx", specifier = ">=0.27.0" },
    { name = "pyqt6", specifier = ">=6.7.0" },
]

[[package]]
name = "h11"
version = "0.16.0"
source = { registry = "https://pypi.org/simple" }
sdist = { url = "https://files.pythonhosted.org/packages/01/ee/02a2c011bdab74c6fb3c75474d40b3052059d95df7e73351460c8588d963/h11-0.16.0.tar.gz", hash = "sha256:4e35b956cf45792e4caa5885e69fba00bdbc6ffafbfa020300e549b208ee5ff1", size = 101250, upload-time = "2025-04-24T03:35:25.427Z" }
wheels = [
    { url = "https://files.pythonhosted.org/packages/04/4b/29cac41a4d98d144bf5f6d33995617b185d14b22401f75ca86f384e87ff1/h11-0.16.0-py3-none-any.whl", hash = "sha256:63cf8bbe7522de3bf65932fda1d9c2772064ffb3dae62d55932da54b31cb6c86", size = 37515, upload-time = "2025-04-24T03:35:24.344Z" },
]

[[package]]
name = "httpcore"
version = "1.0.9"
source = { registry = "https://pypi.org/simple" }
dependencies = [
    { name = "certifi" },
    { name = "h11" },
]
sdist = { url = "https://files.pythonhosted.org/packages/06/94/82699a10bca87a5556c9c59b5963f2d039dbd239f25bc2a63907a05a14cb/httpcore-1.0.9.tar.gz", hash = "sha256:6e34463af53fd2ab5d807f399a9b45ea31c3dfa2276f15a2c3f00afff6e176e8", size = 85484, upload-time = "2025-04-24T22:06:22.219Z" }
wheels = [
    { url = "https://files.pythonhosted.org/packages/7e/f5/f66802a942d491edb555dd61e3a9961140fd64c90bce1eafd741609d334d/httpcore-1.0.9-py3-none-any.whl", hash = "sha256:2d400746a40668fc9dec9810239072b40b4484b640a8c38fd654a024c7a1bf55", size = 78784, upload-time = "2025-04-24T22:06:20.566Z" },
]

[[package]]
name = "httpx"
version = "0.28.1"
source = { registry = "https://pypi.org/simple" }
dependencies = [
    { name = "anyio" },
    { name = "certifi" },
    { name = "httpcore" },
    { name = "idna" },
]
sdist = { url = "https://files.pythonhosted.org/packages/b1/df/48c586a5fe32a0f01324ee087459e112ebb7224f646c0b5023f5e79e9956/httpx-0.28.1.tar.gz", hash = "sha256:75e98c5f16b0f35b567856f597f06ff2270a374470a5c2392242528e3e3e42fc", size = 141406, upload-time = "2024-12-06T15:37:23.222Z" }
wheels = [
    { url = "https://files.pythonhosted.org/packages/2a/39/e50c7c3a983047577ee07d2a9e53faf5a69493943ec3f6a384bdc792deb2/httpx-0.28.1-py3-none-any.whl", hash = "sha256:d909fcccc110f8c7faf814ca82a9a4d816bc5a6dbfea25d6591d6985b8ba59ad", size = 73517, upload-time = "2024-12-06T15:37:21.509Z" },
]

[[package]]
name = "idna"
version = "3.18"
source = { registry = "https://pypi.org/simple" }
sdist = { url = "https://files.pythonhosted.org/packages/cd/63/9496c57188a2ee585e0f1db071d75089a11e98aa86eb99d9d7618fc1edce/idna-3.18.tar.gz", hash = "sha256:ffb385a7e039654cef1ab9ef32c6fafe283c0c0467bba1d9029738ce4a14a848", size = 196711, upload-time = "2026-06-02T14:34:07.794Z" }
wheels = [
    { url = "https://files.pythonhosted.org/packages/1e/5e/d4e9f1a599fb8e573b7b87160658329fbf28d19eac2718f51fc3def3aa5a/idna-3.18-py3-none-any.whl", hash = "sha256:7f952cbe720b688055e3f87de14f5c3e5fdaa8bc3928985c4077ca689de849a2", size = 65455, upload-time = "2026-06-02T14:34:06.319Z" },
]

[[package]]
name = "packaging"
version = "26.2"
source = { registry = "https://pypi.org/simple" }
sdist = { url = "https://files.pythonhosted.org/packages/d7/f1/e7a6dd94a8d4a5626c03e4e99c87f241ba9e350cd9e6d75123f992427270/packaging-26.2.tar.gz", hash = "sha256:ff452ff5a3e828ce110190feff1178bb1f2ea2281fa2075aadb987c2fb221661", size = 228134, upload-time = "2026-04-24T20:15:23.917Z" }
wheels = [
    { url = "https://files.pythonhosted.org/packages/df/b2/87e62e8c3e2f4b32e5fe99e0b86d576da1312593b39f47d8ceef365e95ed/packaging-26.2-py3-none-any.whl", hash = "sha256:5fc45236b9446107ff2415ce77c807cee2862cb6fac22b8a73826d0693b0980e", size = 100195, upload-time = "2026-04-24T20:15:22.081Z" },
]

[[package]]
name = "pyqt6"
version = "6.11.0"
source = { registry = "https://pypi.org/simple" }
dependencies = [
    { name = "pyqt6-qt6" },
    { name = "pyqt6-sip" },
]
sdist = { url = "https://files.pythonhosted.org/packages/8b/47/b25c13eca5bebc6505394d0223e46d7ebf0c57dcac2ed908d7d19b18ab6b/pyqt6-6.11.0.tar.gz", hash = "sha256:45dd60aa69976de1918b5ced6b4e7b6a25abd2a919ecef5fd5826ecc76718889", size = 1087430, upload-time = "2026-03-30T09:16:13.543Z" }
wheels = [
    { url = "https://files.pythonhosted.org/packages/33/44/fcd3dd3f64c83c96bf9bce76ec16cca64bd9b91702c3d08fd8e3dafc73d9/pyqt6-6.11.0-cp310-abi3-macosx_10_14_universal2.whl", hash = "sha256:f7100bc7f72b12581ec479a733f4ad11b8002668e6786e8a445ab6f4d1c743d4", size = 12429735, upload-time = "2026-03-30T09:16:03.713Z" },
    { url = "https://files.pythonhosted.org/packages/c3/a0/bd1399740dfa80c0a94d20b02d89962a31458233dcf70eaa09bfbccf3d0f/pyqt6-6.11.0-cp310-abi3-manylinux_2_34_x86_64.whl", hash = "sha256:8555277989fa7d114cb3c3443fd261d566909f7268ceedd41d93a5f02d37ec05", size = 8334632, upload-time = "2026-03-30T09:16:06.066Z" },
    { url = "https://files.pythonhosted.org/packages/d3/db/425b184ac2430ba1978bb507ffd285ec007a872644e2ae5df13332dbcb05/pyqt6-6.11.0-cp310-abi3-manylinux_2_39_aarch64.whl", hash = "sha256:0734959955adde095af9a074213a7f73386d1bbbddfc27346b4c0621641a692e", size = 8321484, upload-time = "2026-03-30T09:16:08.135Z" },
    { url = "https://files.pythonhosted.org/packages/6f/85/dd9f03d78d87460e109e0121cd6201c5802bdd655656bf2780e964870fea/pyqt6-6.11.0-cp310-abi3-win_amd64.whl", hash = "sha256:bd11b459c54dca068e988a42cf838303334f0d441b9d16d92ae6719fcb5ac6ba", size = 6844358, upload-time = "2026-03-30T09:16:09.766Z" },
    { url = "https://files.pythonhosted.org/packages/cd/75/970b041bde4372cc6739c5ef9db1de83a6b36e788e4992e598baa35b2255/pyqt6-6.11.0-cp310-abi3-win_arm64.whl", hash = "sha256:b6324e3501b19b4292c7a55b1f22e82d3e80e519e383ce4fe79b4a754c6f0288", size = 5933984, upload-time = "2026-03-30T09:16:11.817Z" },
]

[[package]]
name = "pyqt6-qt6"
version = "6.11.1"
source = { registry = "https://pypi.org/simple" }
wheels = [
    { url = "https://files.pythonhosted.org/packages/38/cb/ef930289bcd3b4be77a619d6b89ccdd0f53d753053a45f69ed590fd49777/pyqt6_qt6-6.11.1-py3-none-macosx_10_14_x86_64.whl", hash = "sha256:694486f18b7ab9b1edcdb50e0c9f5cb726e096107da90ae7b0e810f18e2002b3", size = 70402836, upload-time = "2026-05-15T11:18:24.893Z" },
    { url = "https://files.pythonhosted.org/packages/09/7d/d016af2de1975a0d90c9a911e3d82b2e8c8fe899f8af746ade42186f3845/pyqt6_qt6-6.11.1-py3-none-macosx_11_0_arm64.whl", hash = "sha256:fd05b31a3c83111b6eb82bb472ccfe531ef823f70d085b82fd1edc5ad2553c54", size = 64167714, upload-time = "2026-05-15T11:18:48.848Z" },
    { url = "https://files.pythonhosted.org/packages/e1/be/21d0df9bde717131f4245f8801676120d466afe198c4641c9e4982cf85fe/pyqt6_qt6-6.11.1-py3-none-manylinux_2_34_x86_64.whl", hash = "sha256:254af349e0ef4b2fa581f86ee9d65eb797bb1d4f0c01ae5ceaa7b2446b458be9", size = 85897589, upload-time = "2026-05-15T11:19:21.864Z" },
    { url = "https://files.pythonhosted.org/packages/08/69/f6b9cafceed9790c62a7ca3044562d38545bbfcfaf222846482ac2f9bd56/pyqt6_qt6-6.11.1-py3-none-manylinux_2_39_aarch64.whl", hash = "sha256:039b1ab619d63d06a87cacf84b581a2b61a30c9ad5bb677553e738afe4dc433a", size = 84996419, upload-time = "2026-05-15T11:19:52.647Z" },
    { url = "https://files.pythonhosted.org/packages/fa/f1/70e83c23bf897c7f5025aa100482f482038ef70232dc27b407659d941fbf/pyqt6_qt6-6.11.1-py3-none-win_amd64.whl", hash = "sha256:7486c80512e823f2d3087e67f854f0556b345f4368040a853c8dc4d30fd3fe69", size = 78416766, upload-time = "2026-05-15T11:20:20.588Z" },
    { url = "https://files.pythonhosted.org/packages/93/b0/9183ec9c206a0c3cba5719f0911e88a3486167137456a0f9318f07ce000d/pyqt6_qt6-6.11.1-py3-none-win_arm64.whl", hash = "sha256:120efbedf833e5bbbc3d64ebdb139b44ff34e60f34410c7b1c2c26d230380bda", size = 59961004, upload-time = "2026-05-15T11:20:49.065Z" },
]

[[package]]
name = "pyqt6-sip"
version = "13.11.1"
source = { registry = "https://pypi.org/simple" }
sdist = { url = "https://files.pythonhosted.org/packages/90/24/a753e1af94b9ae5b2da63d4598457308da3cdbf0838c959381db086ccc86/pyqt6_sip-13.11.1.tar.gz", hash = "sha256:869c5b48afe38e55b1ee0dd72182b0886e968cc509b98023ff50010b013ce1be", size = 92574, upload-time = "2026-03-09T13:01:35.418Z" }
wheels = [
    { url = "https://files.pythonhosted.org/packages/46/27/47598e701d284497216bf97bf8b6a69f5e61412e716c232ff2b7e6cb2100/pyqt6_sip-13.11.1-cp312-cp312-macosx_10_9_universal2.whl", hash = "sha256:ba9d362dd1e54b43bc2594f8841e1e39d24789716d28f08e5c9282af9fca342c", size = 112564, upload-time = "2026-03-09T13:01:14.628Z" },
    { url = "https://files.pythonhosted.org/packages/95/cb/116f9b328636765f3bce97d9e10ec041c54bbe92beb0617edb86c2b615c1/pyqt6_sip-13.11.1-cp312-cp312-manylinux1_x86_64.manylinux_2_5_x86_64.whl", hash = "sha256:0df15849946cea969d3ff2b24b76149262b6044aea2c5403e4f70c24c973a4c8", size = 299564, upload-time = "2026-03-09T13:01:17.292Z" },
    { url = "https://files.pythonhosted.org/packages/1b/be/fe2321285e8f683e705d199dbb458131f1850dc5966155a19c40100c85bb/pyqt6_sip-13.11.1-cp312-cp312-manylinux_2_17_aarch64.manylinux2014_aarch64.whl", hash = "sha256:c52b2b27fc77d9447a8dc1c6de1aaccc22d41e48697aafb2f2f20b8984bb02a5", size = 321210, upload-time = "2026-03-09T13:01:15.904Z" },
    { url = "https://files.pythonhosted.org/packages/ec/9b/7d4b10f9cba1b6f581dfb4860b9d11898da55a5ed3b8a6e7a1bf9f7084d0/pyqt6_sip-13.11.1-cp312-cp312-win_amd64.whl", hash = "sha256:1d1c67179c1924b28e3d7f04585639e7a7c0946f62390efc6ccf2a6206e595d3", size = 53351, upload-time = "2026-03-09T13:01:19.327Z" },
    { url = "https://files.pythonhosted.org/packages/06/72/6c4e6f21cafa4bed40d2b0c1563525b0d8bfcb5734493696f4cfd043b45f/pyqt6_sip-13.11.1-cp312-cp312-win_arm64.whl", hash = "sha256:d83543125fe9fdb153e7e446c3b4d056d80ab5953644660633ab3f80e7784194", size = 48746, upload-time = "2026-03-09T13:01:20.248Z" },
    { url = "https://files.pythonhosted.org/packages/ee/0b/dc76c463c203e630b2c6417d4d5e337e919a265ac1c10127ef413551f5de/pyqt6_sip-13.11.1-cp313-cp313-macosx_10_13_universal2.whl", hash = "sha256:0c6d097aae7df312519e2b36e001bd796f6a2ce060ab8b9ed793daa8f407fe2e", size = 112552, upload-time = "2026-03-09T13:01:21.493Z" },
    { url = "https://files.pythonhosted.org/packages/d4/e3/65b605759859d38231ce7544065d4c61f891eb7766c351318e2a0b08a473/pyqt6_sip-13.11.1-cp313-cp313-manylinux1_x86_64.manylinux_2_5_x86_64.whl", hash = "sha256:a72f4ebdab16a8a484019ff593de90d8013d3286b678c6ba1c0bdb117f4fcb13", size = 299932, upload-time = "2026-03-09T13:01:24.912Z" },
    { url = "https://files.pythonhosted.org/packages/60/f7/c10d2dd5bf503a1de83bd163467bd323f12af016866c2814743b5b1efe1c/pyqt6_sip-13.11.1-cp313-cp313-manylinux_2_17_aarch64.manylinux2014_aarch64.whl", hash = "sha256:b68e442efc4275651bf63f2c43713e242924fd948909e31cf8f20d783ca505e9", size = 321497, upload-time = "2026-03-09T13:01:22.724Z" },
    { url = "https://files.pythonhosted.org/packages/e1/1f/e7e5ad77a76c00db5c8c1b9960f2b0672ec1978b971bb3509858cd7a9458/pyqt6_sip-13.11.1-cp313-cp313-win_amd64.whl", hash = "sha256:ca24bfd4d5d8274e338433df9ac41930650088c00018d3313c6bd8de21772a02", size = 53371, upload-time = "2026-03-09T13:01:26.286Z" },
    { url = "https://files.pythonhosted.org/packages/36/ef/a7acaf44980aed6fe26f1320e265db528fecb6a47ac67829c7cd011e9821/pyqt6_sip-13.11.1-cp313-cp313-win_arm64.whl", hash = "sha256:f532144c43f2fddcccf2e25df50cdb4a744edb4ce4ba5ed2d0f2cef825197f2f", size = 48745, upload-time = "2026-03-09T13:01:27.212Z" },
    { url = "https://files.pythonhosted.org/packages/20/1d/62c633faedef5bb3b8c7486a72e8a6466adaa2a14efcfccf85bb23426748/pyqt6_sip-13.11.1-cp314-cp314-macosx_10_15_universal2.whl", hash = "sha256:cb931c1af45294bbe8039c5cfda184e3023f5dc766fc884964010eedd8fd85db", size = 112678, upload-time = "2026-03-09T13:01:28.15Z" },
    { url = "https://files.pythonhosted.org/packages/03/72/5a3d9ffef0caa7e1bc7a35d6300f6099bfccd1d8a485b4320ba20013a2d9/pyqt6_sip-13.11.1-cp314-cp314-manylinux1_x86_64.manylinux_2_5_x86_64.whl", hash = "sha256:353d613129316e9f7eda6bbe821deb7b7ffa14483499189171fd8a246873f9ac", size = 299560, upload-time = "2026-03-09T13:01:32.134Z" },
    { url = "https://files.pythonhosted.org/packages/98/f4/886f901f1e04da717a11e180ba19a9c7fc62da170966d57206006f173bda/pyqt6_sip-13.11.1-cp314-cp314-manylinux_2_17_aarch64.manylinux2014_aarch64.whl", hash = "sha256:fcadd68e09ee24cdda8f8bfcba52e59c9b297055d2c450f0eb89afa61a8dc31a", size = 321846, upload-time = "2026-03-09T13:01:29.817Z" },
    { url = "https://files.pythonhosted.org/packages/96/f2/b68fd566f7f86dbb53d933489e70487cabaea0e0161690e4899653bbc7fb/pyqt6_sip-13.11.1-cp314-cp314-win_amd64.whl", hash = "sha256:581e287bf42587593b88b30d9db06ed0fccbf40f345a5bd3ec3f00a5692e2430", size = 55055, upload-time = "2026-03-09T13:01:33.467Z" },
    { url = "https://files.pythonhosted.org/packages/8d/42/efb7ced69f7d1d31eb8f19b2d778aeb182be7e070569d02b9057ac478e3e/pyqt6_sip-13.11.1-cp314-cp314-win_arm64.whl", hash = "sha256:42b62530a9b6a9c6e29c2941b8ab78258652da0aeae4eb1fc9a0631d19a7a7b2", size = 49597, upload-time = "2026-03-09T13:01:34.49Z" },
]

[[package]]
name = "rubicon-objc"
version = "0.5.6"
source = { registry = "https://pypi.org/simple" }
sdist = { url = "https://files.pythonhosted.org/packages/0d/26/3e6bb0bfd41ff446d29931205088556055ec18c31bf099d6719c281c448c/rubicon_objc-0.5.6.tar.gz", hash = "sha256:0d3b0a9889f72916c095a58e7e1c275c260cb8a86b8ef8b909e60cb002fd54d5", size = 189833, upload-time = "2026-07-02T06:08:16.38Z" }
wheels = [
    { url = "https://files.pythonhosted.org/packages/26/a6/cf07f7f931a7fab57b866ed086b15e75bff4a908084b71e74b42798207bf/rubicon_objc-0.5.6-py3-none-any.whl", hash = "sha256:b53f6fc458d78ddf2ce82365c34e234ae85cd8217c983438ae4bf9e1bd1252b3", size = 66152, upload-time = "2026-07-02T06:08:14.995Z" },
]

[[package]]
name = "typing-extensions"
version = "4.16.0"
source = { registry = "https://pypi.org/simple" }
sdist = { url = "https://files.pythonhosted.org/packages/f6/cc/6253133b5bb138fc3306cebfbda2c520f545d36b5be2c7255cc528bb45d6/typing_extensions-4.16.0.tar.gz", hash = "sha256:dc983d19a509c94dba722ee6abd33940f7c05a89e243c47e907eb4db6f1a43e5", size = 113555, upload-time = "2026-07-02T08:40:05.92Z" }
wheels = [
    { url = "https://files.pythonhosted.org/packages/49/d3/b8441a820a491ddfc024b0b0cf0393375b75ea13866d9c66727e54c2fc80/typing_extensions-4.16.0-py3-none-any.whl", hash = "sha256:481caa481374e813c1b176ada14e97f1f67a4539ce9cfeb3f350d78d6370c2e8", size = 45571, upload-time = "2026-07-02T08:40:04.659Z" },
]

[[package]]
name = "winrt-runtime"
version = "3.2.1"
source = { registry = "https://pypi.org/simple" }
dependencies = [
    { name = "typing-extensions" },
]
sdist = { url = "https://files.pythonhosted.org/packages/16/dd/acdd527c1d890c8f852cc2af644aa6c160974e66631289420aa871b05e65/winrt_runtime-3.2.1.tar.gz", hash = "sha256:c8dca19e12b234ae6c3dadf1a4d0761b51e708457492c13beb666556958801ea", size = 21721, upload-time = "2025-06-06T14:40:27.593Z" }
wheels = [
    { url = "https://files.pythonhosted.org/packages/d3/54/3dd06f2341fab6abb06588a16b30e0b213b0125be7b79dafc3bdba3b334a/winrt_runtime-3.2.1-cp312-cp312-win32.whl", hash = "sha256:762b3d972a2f7037f7db3acbaf379dd6d8f6cda505f71f66c6b425d1a1eae2f1", size = 210090, upload-time = "2025-06-06T06:44:08.151Z" },
    { url = "https://files.pythonhosted.org/packages/ca/a1/1d7248d5c62ccbea5f3e0da64ca4529ce99c639c3be2485b6ed709f5c740/winrt_runtime-3.2.1-cp312-cp312-win_amd64.whl", hash = "sha256:06510db215d4f0dc45c00fbb1251c6544e91742a0ad928011db33b30677e1576", size = 241391, upload-time = "2025-06-06T06:44:09.442Z" },
    { url = "https://files.pythonhosted.org/packages/8a/ae/6a205d8dafc79f7c242be7f940b1e0c1971fd64ab3079bda4b514aa3d714/winrt_runtime-3.2.1-cp312-cp312-win_arm64.whl", hash = "sha256:14562c29a087ccad38e379e585fef333e5c94166c807bdde67b508a6261aa195", size = 415242, upload-time = "2025-06-06T06:44:10.407Z" },
    { url = "https://files.pythonhosted.org/packages/79/d4/1a555d8bdcb8b920f8e896232c82901cc0cda6d3e4f92842199ae7dff70a/winrt_runtime-3.2.1-cp313-cp313-win32.whl", hash = "sha256:44e2733bc709b76c554aee6c7fe079443b8306b2e661e82eecfebe8b9d71e4d1", size = 210022, upload-time = "2025-06-06T06:44:11.767Z" },
    { url = "https://files.pythonhosted.org/packages/aa/24/2b6e536ca7745d788dfd17a2ec376fa03a8c7116dc638bb39b035635484f/winrt_runtime-3.2.1-cp313-cp313-win_amd64.whl", hash = "sha256:3c1fdcaeedeb2920dc3b9039db64089a6093cad2be56a3e64acc938849245a6d", size = 241349, upload-time = "2025-06-06T06:44:12.661Z" },
    { url = "https://files.pythonhosted.org/packages/d4/7f/6d72973279e2929b2a71ed94198ad4a5d63ee2936e91a11860bf7b431410/winrt_runtime-3.2.1-cp313-cp313-win_arm64.whl", hash = "sha256:28f3dab083412625ff4d2b46e81246932e6bebddf67bea7f05e01712f54e6159", size = 415126, upload-time = "2025-06-06T06:44:13.702Z" },
    { url = "https://files.pythonhosted.org/packages/c8/87/88bd98419a9da77a68e030593fee41702925a7ad8a8aec366945258cbb31/winrt_runtime-3.2.1-cp314-cp314-win32.whl", hash = "sha256:9b6298375468ac2f6815d0c008a059fc16508c8f587e824c7936ed9216480dad", size = 210257, upload-time = "2025-09-20T07:06:41.054Z" },
    { url = "https://files.pythonhosted.org/packages/87/85/e5c2a10d287edd9d3ee8dc24bf7d7f335636b92bf47119768b7dd2fd1669/winrt_runtime-3.2.1-cp314-cp314-win_amd64.whl", hash = "sha256:e36e587ab5fd681ee472cd9a5995743f75107a1a84d749c64f7e490bc86bc814", size = 241873, upload-time = "2025-09-20T07:06:42.059Z" },
    { url = "https://files.pythonhosted.org/packages/52/2a/eb9e78397132175f70dd51dfa4f93e489c17d6b313ae9dce60369b8d84a7/winrt_runtime-3.2.1-cp314-cp314-win_arm64.whl", hash = "sha256:35d6241a2ebd5598e4788e69768b8890ee1eee401a819865767a1fbdd3e9a650", size = 416222, upload-time = "2025-09-20T07:06:43.376Z" },
]

[[package]]
name = "winrt-windows-applicationmodel-core"
version = "3.2.1"
source = { registry = "https://pypi.org/simple" }
dependencies = [
    { name = "winrt-runtime" },
]
sdist = { url = "https://files.pythonhosted.org/packages/24/0d/3ae880680ba3da0fe062f7a4785b955bab331ae45fd8941c7be55e12e005/winrt_windows_applicationmodel_core-3.2.1.tar.gz", hash = "sha256:7cd21a4a7e25b099703a607f17ce804b5166cdf6444437440590fafea990fb46", size = 13656, upload-time = "2025-06-06T14:40:46.98Z" }
wheels = [
    { url = "https://files.pythonhosted.org/packages/c2/d0/3d215ea3786d432b91bc6af51088bb2e3821ac116faf184247072f711d4e/winrt_windows_applicationmodel_core-3.2.1-cp312-cp312-win32.whl", hash = "sha256:2a55b0a7205d7ba391719772111d2ac1f79f881770ccb6d81cdbb6d099eb46ad", size = 68033, upload-time = "2025-06-06T06:49:42.556Z" },
    { url = "https://files.pythonhosted.org/packages/a4/e0/dd9d0c928592166b36047b6ab71a896d4d12356624a0da65fe7fec8be147/winrt_windows_applicationmodel_core-3.2.1-cp312-cp312-win_amd64.whl", hash = "sha256:79cdba542f3e2ae7fdc8072a94fb1cace0ebad7f5c272cd250ca8c5baae59133", size = 70162, upload-time = "2025-06-06T06:49:43.393Z" },
    { url = "https://files.pythonhosted.org/packages/d9/e4/186c8af1bda1cd09df3403dd985ae7324006fa1d5fe3a4bd1c7f1388fd38/winrt_windows_applicationmodel_core-3.2.1-cp312-cp312-win_arm64.whl", hash = "sha256:fa0da9015b59d88e48ff7251cfd3307daf3762ffdbf6633afd7298846005cbbe", size = 67268, upload-time = "2025-06-06T06:49:44.179Z" },
    { url = "https://files.pythonhosted.org/packages/b7/a3/9665e9a31764d1b3c33f156c004c41367fd8c982ab9c7fb3d8a37b3d61a4/winrt_windows_applicationmodel_core-3.2.1-cp313-cp313-win32.whl", hash = "sha256:806adb41eace8f2e131c41f1d8b192269d661fe6cc061559385384d05851d5d7", size = 68046, upload-time = "2025-06-06T06:49:45.031Z" },
    { url = "https://files.pythonhosted.org/packages/56/15/ee5cb5e8d79c46e500961af8323a4b565d51ffaae569d78ab382d387f466/winrt_windows_applicationmodel_core-3.2.1-cp313-cp313-win_amd64.whl", hash = "sha256:4ff4ed0a24c793bf34ef4c56410f9f862d76bfd01757f78a475145cf0879032d", size = 70165, upload-time = "2025-06-06T06:49:46.16Z" },
    { url = "https://files.pythonhosted.org/packages/bc/da/32237d4cefa045ff472f2103635eaa94cfc374128ac1e9811fd339fcafcb/winrt_windows_applicationmodel_core-3.2.1-cp313-cp313-win_arm64.whl", hash = "sha256:a61390e9cc257cd67b8ecedee82ecbed7cf04b3c2371f1380608146709656f31", size = 67274, upload-time = "2025-06-06T06:49:46.974Z" },
    { url = "https://files.pythonhosted.org/packages/fe/9e/b5449887abdd369be490291227c5a2d3829dea37f83326f58506eaff1447/winrt_windows_applicationmodel_core-3.2.1-cp314-cp314-win32.whl", hash = "sha256:2a940b018989ba7159ace4c93eab5f5bce303ac5325ab29eeb0effe1d4a486a7", size = 70241, upload-time = "2025-09-20T07:07:48.648Z" },
    { url = "https://files.pythonhosted.org/packages/3b/78/17352b0dba22ede5103554dec637fd419c1e1d54078b09a73fdcd8678cec/winrt_windows_applicationmodel_core-3.2.1-cp314-cp314-win_amd64.whl", hash = "sha256:52f2e1cd5fa0a5b0592ddc40b423255491a40a2d6e4cf6ae766dd3b4810557ec", size = 71994, upload-time = "2025-09-20T07:07:49.707Z" },
    { url = "https://files.pythonhosted.org/packages/fa/f6/cb6ae65cfabfc527aea0d702c2cfcaf58859813e38172fffc66d5dd845f5/winrt_windows_applicationmodel_core-3.2.1-cp314-cp314-win_arm64.whl", hash = "sha256:a0c18662c835fbb5044a5c3ca021d8f2f3f290c6238543ed74112a18e3d7d878", size = 70084, upload-time = "2025-09-20T07:07:50.466Z" },
]

[[package]]
name = "winrt-windows-data-xml-dom"
version = "3.2.1"
source = { registry = "https://pypi.org/simple" }
dependencies = [
    { name = "winrt-runtime" },
]
sdist = { url = "https://files.pythonhosted.org/packages/cc/11/6b1e59abf5f8f0cba1fee13447c9d077d144332b9b664bb236fdfa878558/winrt_windows_data_xml_dom-3.2.1.tar.gz", hash = "sha256:db81f5956bf63ce8c9d8bfb6d0794ab2849f26e62a6256b833af8de3d6451399", size = 50032, upload-time = "2025-06-06T14:41:15.877Z" }
wheels = [
    { url = "https://files.pythonhosted.org/packages/e8/f6/215e54dce3099507d2a1009792d32555ec1354bfb43cb3431e7389ec3dda/winrt_windows_data_xml_dom-3.2.1-cp312-cp312-win32.whl", hash = "sha256:be2e9edbc4702c0cfd88ae48260b55bb30ee3e15c86c6c4240aaf4f2c54ff380", size = 158777, upload-time = "2025-06-06T06:58:54.755Z" },
    { url = "https://files.pythonhosted.org/packages/9f/f0/b44bdce659118fb684a45f6c4e4932cb7356883079b7ce284352433ecf3f/winrt_windows_data_xml_dom-3.2.1-cp312-cp312-win_amd64.whl", hash = "sha256:b531a61a30106ecc7c7b3ad8f1b22e98d8366bbc2c60c47f5053fe62479109d6", size = 186784, upload-time = "2025-06-06T06:58:55.672Z" },
    { url = "https://files.pythonhosted.org/packages/78/57/cbd053f01b0a50073e4b6e92d1d1e97e992a8cd7dea3dd9afc35a19f5e57/winrt_windows_data_xml_dom-3.2.1-cp312-cp312-win_arm64.whl", hash = "sha256:0b3eed7fd618d0bfbafea730bbcb24cb6a94dcd742b2b9c7d5d66319494e5f35", size = 160634, upload-time = "2025-06-06T06:58:56.589Z" },
    { url = "https://files.pythonhosted.org/packages/ad/3f/682185135537c99629663935155c2332bc500553a2f6aad134deadd2c2d3/winrt_windows_data_xml_dom-3.2.1-cp313-cp313-win32.whl", hash = "sha256:7091ee8d472a18336887edee6bf90d9261783f82b1a0fec00ba0e6a1a00623eb", size = 158825, upload-time = "2025-06-06T06:58:57.484Z" },
    { url = "https://files.pythonhosted.org/packages/e6/02/89057b180a2dda10af0ae8a256180e7f6ec8f688b547501a89a36c72c4e4/winrt_windows_data_xml_dom-3.2.1-cp313-cp313-win_amd64.whl", hash = "sha256:b51b67c0bf88995827151d4e8ff0edcb2120406d4aedcb9574854b904b92a11f", size = 186818, upload-time = "2025-06-06T06:58:58.368Z" },
    { url = "https://files.pythonhosted.org/packages/e5/aa/9894e19b34275307e4857ea3ada1d230bcdc7e399ce0ae504c6309c7e55d/winrt_windows_data_xml_dom-3.2.1-cp313-cp313-win_arm64.whl", hash = "sha256:e4ed27ec593b96bcd13fffd9fd0bf74744b0dacc249faa5af0ef1d903ed59c1b", size = 160670, upload-time = "2025-06-06T06:58:59.225Z" },
    { url = "https://files.pythonhosted.org/packages/a2/e1/22556c7dd4d777c35a270d776a87c4de7e8316d91b51888816e565d4f1f0/winrt_windows_data_xml_dom-3.2.1-cp314-cp314-win32.whl", hash = "sha256:77258030a725a32359fd2a93855cafa0e3f3f38e67afd5dfe74a8a215cbb31c4", size = 160792, upload-time = "2025-09-20T07:09:36.528Z" },
    { url = "https://files.pythonhosted.org/packages/ab/d2/3a4b7e38feafdec21cb044e0c1ee2c76a71cfbda02bfedcc50634e9fb652/winrt_windows_data_xml_dom-3.2.1-cp314-cp314-win_amd64.whl", hash = "sha256:1cf1b6f31fff4e4c0ae30f1643b169da72b3b053a2996010f2c3a1e26b5d4970", size = 189170, upload-time = "2025-09-20T07:09:37.441Z" },
    { url = "https://files.pythonhosted.org/packages/45/cc/9d301892e9a640a63ac56f565d38d5897002598e18acdfbd4ed168836ab3/winrt_windows_data_xml_dom-3.2.1-cp314-cp314-win_arm64.whl", hash = "sha256:6de83f853d889444e4897413c2fa8183f86aa602edd34abf36a4fdc69db1650e", size = 169804, upload-time = "2025-09-20T07:09:38.448Z" },
]

[[package]]
name = "winrt-windows-foundation"
version = "3.2.1"
source = { registry = "https://pypi.org/simple" }
dependencies = [
    { name = "winrt-runtime" },
]
sdist = { url = "https://files.pythonhosted.org/packages/0c/55/098ce7ea0679efcc1298b269c48768f010b6c68f90c588f654ec874c8a74/winrt_windows_foundation-3.2.1.tar.gz", hash = "sha256:ad2f1fcaa6c34672df45527d7c533731fdf65b67c4638c2b4aca949f6eec0656", size = 30485, upload-time = "2025-06-06T14:41:53.344Z" }
wheels = [
    { url = "https://files.pythonhosted.org/packages/f3/f8/495e304ddedd5ff2f196efbde906265cb75ade4d79e2937837f72ef654a0/winrt_windows_foundation-3.2.1-cp312-cp312-win32.whl", hash = "sha256:867642ccf629611733db482c4288e17b7919f743a5873450efb6d69ae09fdc2b", size = 112169, upload-time = "2025-06-06T07:11:01.438Z" },
    { url = "https://files.pythonhosted.org/packages/9b/5e/b5059e4ece095351c496c9499783130c302d25e353c18031d5231b1b3b3c/winrt_windows_foundation-3.2.1-cp312-cp312-win_amd64.whl", hash = "sha256:45550c5b6c2125cde495c409633e6b1ea5aa1677724e3b95eb8140bfccbe30c9", size = 118668, upload-time = "2025-06-06T07:11:02.475Z" },
    { url = "https://files.pythonhosted.org/packages/a5/70/acbcb3ef07b1b67e2de4afab9176a5282cfd775afd073efe6828dfc65ace/winrt_windows_foundation-3.2.1-cp312-cp312-win_arm64.whl", hash = "sha256:94f4661d71cb35ebc52be7af112f2eeabdfa02cb05e0243bf9d6bd2cafaa6f37", size = 109671, upload-time = "2025-06-06T07:11:03.538Z" },
    { url = "https://files.pythonhosted.org/packages/7b/71/5e87131e4aecc8546c76b9e190bfe4e1292d028bda3f9dd03b005d19c76c/winrt_windows_foundation-3.2.1-cp313-cp313-win32.whl", hash = "sha256:3998dc58ed50ecbdbabace1cdef3a12920b725e32a5806d648ad3f4829d5ba46", size = 112184, upload-time = "2025-06-06T07:11:04.459Z" },
    { url = "https://files.pythonhosted.org/packages/ba/7f/8d5108461351d4f6017f550af8874e90c14007f9122fa2eab9f9e0e9b4e1/winrt_windows_foundation-3.2.1-cp313-cp313-win_amd64.whl", hash = "sha256:6e98617c1e46665c7a56ce3f5d28e252798416d1ebfee3201267a644a4e3c479", size = 118672, upload-time = "2025-06-06T07:11:05.55Z" },
    { url = "https://files.pythonhosted.org/packages/44/f5/2edf70922a3d03500dab17121b90d368979bd30016f6dbca0d043f0c71f1/winrt_windows_foundation-3.2.1-cp313-cp313-win_arm64.whl", hash = "sha256:2a8c1204db5c352f6a563130a5a41d25b887aff7897bb677d4ff0b660315aad4", size = 109673, upload-time = "2025-06-06T07:11:06.398Z" },
    { url = "https://files.pythonhosted.org/packages/e3/0a/d77346e39fe0c81f718cde49f83fe77c368c0e14c6418f72dfa1e7ef22d0/winrt_windows_foundation-3.2.1-cp314-cp314-win32.whl", hash = "sha256:35e973ab3c77c2a943e139302256c040e017fd6ff1a75911c102964603bba1da", size = 114590, upload-time = "2025-09-20T07:11:49.97Z" },
    { url = "https://files.pythonhosted.org/packages/a1/56/4d2b545bea0f34f68df6d4d4ca22950ff8a935497811dccdc0ca58737a05/winrt_windows_foundation-3.2.1-cp314-cp314-win_amd64.whl", hash = "sha256:a22a7ebcec0d262e60119cff728f32962a02df60471ded8b2735a655eccc0ef5", size = 122148, upload-time = "2025-09-20T07:11:50.826Z" },
    { url = "https://files.pythonhosted.org/packages/ed/ed/b9d3a11cac73444c0a3703200161cd7267dab5ab85fd00e1f965526e74a8/winrt_windows_foundation-3.2.1-cp314-cp314-win_arm64.whl", hash = "sha256:3be7fbae829b98a6a946db4fbaf356b11db1fbcbb5d4f37e7a73ac6b25de8b87", size = 114360, upload-time = "2025-09-20T07:11:51.626Z" },
]

[[package]]
name = "winrt-windows-foundation-collections"
version = "3.2.1"
source = { registry = "https://pypi.org/simple" }
dependencies = [
    { name = "winrt-runtime" },
]
sdist = { url = "https://files.pythonhosted.org/packages/ef/62/d21e3f1eeb8d47077887bbf0c3882c49277a84d8f98f7c12bda64d498a07/winrt_windows_foundation_collections-3.2.1.tar.gz", hash = "sha256:0eff1ad0d8d763ad17e9e7bbd0c26a62b27215016393c05b09b046d6503ae6d5", size = 16043, upload-time = "2025-06-06T14:41:53.983Z" }
wheels = [
    { url = "https://files.pythonhosted.org/packages/1d/0b/7802349391466d3f7e8f62f588f36a1a0b6560abfcdbdaa426fe21d322b4/winrt_windows_foundation_collections-3.2.1-cp312-cp312-win32.whl", hash = "sha256:15704eef3125788f846f269cf54a3d89656fa09a1dc8428b70871f717d595ad6", size = 60060, upload-time = "2025-06-06T07:11:16.173Z" },
    { url = "https://files.pythonhosted.org/packages/37/94/5b888713e472746635a382e523513ab1b8200af55c5b56bc70e1e4369115/winrt_windows_foundation_collections-3.2.1-cp312-cp312-win_amd64.whl", hash = "sha256:550dfb8c82fe74d9e0728a2a16a9175cc9e34ca2b8ef758d69b2a398894b698b", size = 69058, upload-time = "2025-06-06T07:11:17.009Z" },
    { url = "https://files.pythonhosted.org/packages/5f/3c/829273622c9b37c67b97f187b92be318404f7d33db045e31d72b7d50f54c/winrt_windows_foundation_collections-3.2.1-cp312-cp312-win_arm64.whl", hash = "sha256:810ad4bd11ab4a74fdbcd3ed33b597ef7c0b03af73fc9d7986c22bcf3bd24f84", size = 58793, upload-time = "2025-06-06T07:11:17.837Z" },
    { url = "https://files.pythonhosted.org/packages/a6/cd/99ef050d80bea2922fa1ded93e5c250732634095d8bd3595dd808083e5ca/winrt_windows_foundation_collections-3.2.1-cp313-cp313-win32.whl", hash = "sha256:4267a711b63476d36d39227883aeb3fb19ac92b88a9fc9973e66fbce1fd4aed9", size = 60063, upload-time = "2025-06-06T07:11:18.65Z" },
    { url = "https://files.pythonhosted.org/packages/94/93/4f75fd6a4c96f1e9bee198c5dc9a9b57e87a9c38117e1b5e423401886353/winrt_windows_foundation_collections-3.2.1-cp313-cp313-win_amd64.whl", hash = "sha256:5e12a6e75036ee90484c33e204b85fb6785fcc9e7c8066ad65097301f48cdd10", size = 69057, upload-time = "2025-06-06T07:11:19.446Z" },
    { url = "https://files.pythonhosted.org/packages/40/76/de47ccc390017ec5575e7e7fd9f659ee3747c52049cdb2969b1b538ce947/winrt_windows_foundation_collections-3.2.1-cp313-cp313-win_arm64.whl", hash = "sha256:34b556255562f1b36d07fba933c2bcd9f0db167fa96727a6cbb4717b152ad7a2", size = 58792, upload-time = "2025-06-06T07:11:20.24Z" },
    { url = "https://files.pythonhosted.org/packages/e1/47/b3301d964422d4611c181348149a7c5956a2a76e6339de451a000d4ae8e7/winrt_windows_foundation_collections-3.2.1-cp314-cp314-win32.whl", hash = "sha256:33188ed2d63e844c8adfbb82d1d3d461d64aaf78d225ce9c5930421b413c45ab", size = 62211, upload-time = "2025-09-20T07:11:52.411Z" },
    { url = "https://files.pythonhosted.org/packages/20/59/5f2c940ff606297129e93ebd6030c813e6a43a786de7fc33ccb268e0b06b/winrt_windows_foundation_collections-3.2.1-cp314-cp314-win_amd64.whl", hash = "sha256:d4cfece7e9c0ead2941e55a1da82f20d2b9c8003bb7a8853bb7f999b539f80a4", size = 70399, upload-time = "2025-09-20T07:11:53.254Z" },
    { url = "https://files.pythonhosted.org/packages/f8/2d/2c8eb89062c71d4be73d618457ed68e7e2ba29a660ac26349d44fc121cbf/winrt_windows_foundation_collections-3.2.1-cp314-cp314-win_arm64.whl", hash = "sha256:3884146fea13727510458f6a14040b7632d5d90127028b9bfd503c6c655d0c01", size = 61392, upload-time = "2025-09-20T07:11:53.993Z" },
]

[[package]]
name = "winrt-windows-ui-notifications"
version = "3.2.1"
source = { registry = "https://pypi.org/simple" }
dependencies = [
    { name = "winrt-runtime" },
]
sdist = { url = "https://files.pythonhosted.org/packages/fc/f9/4798657fd6999e6dae2c84876b40e91873ccd5f056b27c40ebd7f4ff11d8/winrt_windows_ui_notifications-3.2.1.tar.gz", hash = "sha256:eb29bf1c3306f3ceabd71d092b5505d5fe73fbc0660347dcc63ebc4204d34d21", size = 28942, upload-time = "2025-06-06T14:43:54.629Z" }
wheels = [
    { url = "https://files.pythonhosted.org/packages/73/ae/d495b602154ee70ede2baf3fdb1c60703a581f678e1acc70089a3bdc7d60/winrt_windows_ui_notifications-3.2.1-cp312-cp312-win32.whl", hash = "sha256:041643bd83762900cdd5704a6e08f886879f78952cfc9834b184ee81df924d72", size = 154616, upload-time = "2025-06-06T14:11:47.788Z" },
    { url = "https://files.pythonhosted.org/packages/f7/68/0775e390275cc8fcbd0515eed51e43d78562bfa5d647454e3c8992c2ac8c/winrt_windows_ui_notifications-3.2.1-cp312-cp312-win_amd64.whl", hash = "sha256:7f2378246f6db14d16bf93830f1bcd8efa1c5b4c740878ad86d2f482fb08feab", size = 165782, upload-time = "2025-06-06T14:11:49.905Z" },
    { url = "https://files.pythonhosted.org/packages/d2/fa/09e304022e0ccb4816b27627b04783526e496fe84fd84fade79465b8ad2f/winrt_windows_ui_notifications-3.2.1-cp312-cp312-win_arm64.whl", hash = "sha256:e7eda8cb11a1e82d2da87b2b98cbf73ce153417cb93debe95c739534c6dbde7c", size = 155243, upload-time = "2025-06-06T14:11:51.225Z" },
    { url = "https://files.pythonhosted.org/packages/ab/34/eee24f0ff5522ff3d9c91c983c706fc2a06ed78a5aa84dd9b9fe51125b78/winrt_windows_ui_notifications-3.2.1-cp313-cp313-win32.whl", hash = "sha256:cff07f0193365c38a07cf87030c609b57b7ca7fcbf8740c720425edfa6205fa8", size = 154502, upload-time = "2025-06-06T14:11:52.135Z" },
    { url = "https://files.pythonhosted.org/packages/14/7c/8163639827003c411787d6f6f682e543206ecb47abd29291d184006b5834/winrt_windows_ui_notifications-3.2.1-cp313-cp313-win_amd64.whl", hash = "sha256:9f8d109c8c6634dac258a32d7f3d939aa50605bd7a6a43137a3ffc2ab4a8f667", size = 165795, upload-time = "2025-06-06T14:11:53.004Z" },
    { url = "https://files.pythonhosted.org/packages/0d/10/89012eeb14b932eb3f0ac541d8788d794e09f8fe1934fdae1760d0cbd252/winrt_windows_ui_notifications-3.2.1-cp313-cp313-win_arm64.whl", hash = "sha256:aec78f6a632e2ae57a55b7aee60f8df848ccffd1c4d14c3c9fbfaa6bb564e1a2", size = 155184, upload-time = "2025-06-06T14:11:53.863Z" },
    { url = "https://files.pythonhosted.org/packages/68/43/c81672457002908b8c0f1e4672db1d0b8885c2894c6768fe9b0162af9ee5/winrt_windows_ui_notifications-3.2.1-cp314-cp314-win32.whl", hash = "sha256:00a7579ca0870134c27def1418c259fb18efe5b88aa399de85b4712f1add1b55", size = 157561, upload-time = "2025-09-20T07:19:10.162Z" },
    { url = "https://files.pythonhosted.org/packages/17/d8/910a58698d722120f2401c3bfeb6018361d92f3b2814caae839f54693305/winrt_windows_ui_notifications-3.2.1-cp314-cp314-win_amd64.whl", hash = "sha256:943599c727abf710ae94644b1d521e11857bd568e080e894a8be11aa717e383a", size = 170152, upload-time = "2025-09-20T07:19:11.05Z" },
    { url = "https://files.pythonhosted.org/packages/b5/a3/1db0f2ec28a4eadd0876c0ac3a3d78514027c5afe35737b164e03c98b234/winrt_windows_ui_notifications-3.2.1-cp314-cp314-win_arm64.whl", hash = "sha256:2a496c7e796b537966df7b26753b20bc40c5c1fbe96b3b3051a1debc00b80f07", size = 163245, upload-time = "2025-09-20T07:19:12.352Z" },
]
